
Microsoft Visual Studio Solution File, Format Version 12.00
# Visual Studio 15
VisualStudioVersion = 15.0.27428.2011
MinimumVisualStudioVersion = 10.0.40219.1
Project("{00D1A9C2-B5F0-4AF3-8072-F6C62B433612}") = "Database", "Database\Database.sqlproj", "{B6DC3816-763F-44D1-AF4E-0F0272E2F21F}"
EndProject
Project("{FAE04EC0-301F-11D3-BF4B-00C04F79EFBC}") = "MovieUI", "MovieUI\MovieUI.csproj", "{B48CF7AC-21EB-4207-9C47-A421CB70AEE3}"
EndProject
Project("{FAE04EC0-301F-11D3-BF4B-00C04F79EFBC}") = "DAL", "DAL\DAL.csproj", "{DA0653FB-0D97-437A-871D-2799036E5D81}"
EndProject
Project("{FAE04EC0-301F-11D3-BF4B-00C04F79EFBC}") = "IMDB", "IMDB\IMDB.csproj", "{6492CDD3-709B-4A84-8776-9043C211EE4E}"
EndProject
Global
	GlobalSection(SolutionConfigurationPlatforms) = preSolution
		Debug|Any CPU = Debug|Any CPU
		Release|Any CPU = Release|Any CPU
	EndGlobalSection
	GlobalSection(ProjectConfigurationPlatforms) = postSolution
		{B6DC3816-763F-44D1-AF4E-0F0272E2F21F}.Debug|Any CPU.ActiveCfg = Debug|Any CPU
		{B6DC3816-763F-44D1-AF4E-0F0272E2F21F}.Debug|Any CPU.Build.0 = Debug|Any CPU
		{B6DC3816-763F-44D1-AF4E-0F0272E2F21F}.Debug|Any CPU.Deploy.0 = Debug|Any CPU
		{B6DC3816-763F-44D1-AF4E-0F0272E2F21F}.Release|Any CPU.ActiveCfg = Release|Any CPU
		{B6DC3816-763F-44D1-AF4E-0F0272E2F21F}.Release|Any CPU.Build.0 = Release|Any CPU
		{B6DC3816-763F-44D1-AF4E-0F0272E2F21F}.Release|Any CPU.Deploy.0 = Release|Any CPU
		{B48CF7AC-21EB-4207-9C47-A421CB70AEE3}.Debug|Any CPU.ActiveCfg = Debug|Any CPU
		{B48CF7AC-21EB-4207-9C47-A421CB70AEE3}.Debug|Any CPU.Build.0 = Debug|Any CPU
		{B48CF7AC-21EB-4207-9C47-A421CB70AEE3}.Release|Any CPU.ActiveCfg = Release|Any CPU
		{B48CF7AC-21EB-4207-9C47-A421CB70AEE3}.Release|Any CPU.Build.0 = Release|Any CPU
		{DA0653FB-0D97-437A-871D-2799036E5D81}.Debug|Any CPU.ActiveCfg = Debug|Any CPU
		{DA0653FB-0D97-437A-871D-2799036E5D81}.Debug|Any CPU.Build.0 = Debug|Any CPU
		{DA0653FB-0D97-437A-871D-2799036E5D81}.Release|Any CPU.ActiveCfg = Release|Any CPU
		{DA0653FB-0D97-437A-871D-2799036E5D81}.Release|Any CPU.Build.0 = Release|Any CPU
		{6492CDD3-709B-4A84-8776-9043C211EE4E}.Debug|Any CPU.ActiveCfg = Debug|Any CPU
		{6492CDD3-709B-4A84-8776-9043C211EE4E}.Debug|Any CPU.Build.0 = Debug|Any CPU
		{6492CDD3-709B-4A84-8776-9043C211EE4E}.Release|Any CPU.ActiveCfg = Release|Any CPU
		{6492CDD3-709B-4A84-8776-9043C211EE4E}.Release|Any CPU.Build.0 = Release|Any CPU
	EndGlobalSection
	GlobalSection(SolutionProperties) = preSolution
		HideSolutionNode = FALSE
	EndGlobalSection
	GlobalSection(ExtensibilityGlobals) = postSolution
		SolutionGuid = {7053089D-9CCD-4A40-BF03-ACCCCB0A59E3}
	EndGlobalSection
EndGlobal
